<?xml version="1.0" encoding="utf-8"?>
<Project ToolsVersion="4.0" xmlns="http://schemas.microsoft.com/developer/msbuild/2003">
  <ItemGroup>
    <Filter Include="src">
      <UniqueIdentifier>{aee2f4bc-78e5-426d-b5b0-e119e7c09e15}</UniqueIdentifier>
    </Filter>
  </ItemGroup>
  <ItemGroup>
    <ClCompile Include="main.cpp">
      <Filter>src</Filter>
    </ClCompile>
    <ClCompile Include="camera.cpp">
      <Filter>src</Filter>
    </ClCompile>
    <ClCompile Include="particle_system.cpp">
      <Filter>src</Filter>
    </ClCompile>
  </ItemGroup>
  <ItemGroup>
    <ClInclude Include="camera.h">
      <Filter>src</Filter>
    </ClInclude>
    <ClInclude Include="particle_system.h">
      <Filter>src</Filter>
    </ClInclude>
  </ItemGroup>
</Project>