
Microsoft Visual Studio Solution File, Format Version 12.00
# Visual Studio 14
VisualStudioVersion = 14.0.24720.0
MinimumVisualStudioVersion = 10.0.40219.1
Project("{8BC9CEB8-8B4A-11D0-8D11-00A0C91BC942}") = "DX9", "DX9\DX9.vcxproj", "{2BDFD5DD-352E-4DAF-8316-CFB0B30DAFBF}"
EndProject
Project("{8BC9CEB8-8B4A-11D0-8D11-00A0C91BC942}") = "01_DX9Init", "Demo\01_DX9Init\01_DX9Init.vcxproj", "{68C297CA-860E-4E73-AA22-BB4F4E34EE7E}"
EndProject
Project("{8BC9CEB8-8B4A-11D0-8D11-00A0C91BC942}") = "02_Triangle", "Demo\02_Triangle\02_Triangle.vcxproj", "{4E55DC8F-7261-416D-93CE-937EC6253DD9}"
EndProject
Project("{8BC9CEB8-8B4A-11D0-8D11-00A0C91BC942}") = "03_Cube", "Demo\03_Cube\03_Cube.vcxproj", "{E0483459-27CF-4AC8-82E9-E250E6301CC1}"
EndProject
Project("{8BC9CEB8-8B4A-11D0-8D11-00A0C91BC942}") = "04_Teapot", "Demo\04_Teapot\04_Teapot.vcxproj", "{546FC135-4860-4000-A679-1936303827AB}"
EndProject
Project("{8BC9CEB8-8B4A-11D0-8D11-00A0C91BC942}") = "05_D3DXCreate", "Demo\05_D3DXCreate\05_D3DXCreate.vcxproj", "{97FCBF87-758C-4D3B-AE01-9A1A96399D37}"
EndProject
Project("{8BC9CEB8-8B4A-11D0-8D11-00A0C91BC942}") = "06_ColorTriangle", "Demo\06_ColorTriangle\06_ColorTriangle.vcxproj", "{84F01E2D-072C-4A50-94CB-5CCF6ECA7034}"
EndProject
Project("{8BC9CEB8-8B4A-11D0-8D11-00A0C91BC942}") = "07_LitPyramid", "Demo\07_LitPyramid\07_LitPyramid.vcxproj", "{099D2A91-957B-457C-AC7B-B8D9E4A043B0}"
EndProject
Project("{8BC9CEB8-8B4A-11D0-8D11-00A0C91BC942}") = "08_DirectionalLight", "Demo\08_DirectionalLight\08_DirectionalLight.vcxproj", "{75EF18EC-AD8F-4F70-9B9D-CA6584DE438E}"
EndProject
Project("{8BC9CEB8-8B4A-11D0-8D11-00A0C91BC942}") = "09_PointLight", "Demo\09_PointLight\09_PointLight.vcxproj", "{922B1A12-5791-4A74-B827-810DCFDD33FF}"
EndProject
Project("{8BC9CEB8-8B4A-11D0-8D11-00A0C91BC942}") = "10_SpotLight", "Demo\10_SpotLight\10_SpotLight.vcxproj", "{BD4C6694-A3D1-412A-B185-30D6F61F4F4D}"
EndProject
Global
	GlobalSection(SolutionConfigurationPlatforms) = preSolution
		Debug|x64 = Debug|x64
		Debug|x86 = Debug|x86
		Release|x64 = Release|x64
		Release|x86 = Release|x86
	EndGlobalSection
	GlobalSection(ProjectConfigurationPlatforms) = postSolution
		{2BDFD5DD-352E-4DAF-8316-CFB0B30DAFBF}.Debug|x64.ActiveCfg = Debug|x64
		{2BDFD5DD-352E-4DAF-8316-CFB0B30DAFBF}.Debug|x64.Build.0 = Debug|x64
		{2BDFD5DD-352E-4DAF-8316-CFB0B30DAFBF}.Debug|x86.ActiveCfg = Debug|Win32
		{2BDFD5DD-352E-4DAF-8316-CFB0B30DAFBF}.Debug|x86.Build.0 = Debug|Win32
		{2BDFD5DD-352E-4DAF-8316-CFB0B30DAFBF}.Release|x64.ActiveCfg = Release|x64
		{2BDFD5DD-352E-4DAF-8316-CFB0B30DAFBF}.Release|x64.Build.0 = Release|x64
		{2BDFD5DD-352E-4DAF-8316-CFB0B30DAFBF}.Release|x86.ActiveCfg = Release|Win32
		{2BDFD5DD-352E-4DAF-8316-CFB0B30DAFBF}.Release|x86.Build.0 = Release|Win32
		{68C297CA-860E-4E73-AA22-BB4F4E34EE7E}.Debug|x64.ActiveCfg = Debug|x64
		{68C297CA-860E-4E73-AA22-BB4F4E34EE7E}.Debug|x64.Build.0 = Debug|x64
		{68C297CA-860E-4E73-AA22-BB4F4E34EE7E}.Debug|x86.ActiveCfg = Debug|Win32
		{68C297CA-860E-4E73-AA22-BB4F4E34EE7E}.Debug|x86.Build.0 = Debug|Win32
		{68C297CA-860E-4E73-AA22-BB4F4E34EE7E}.Release|x64.ActiveCfg = Release|x64
		{68C297CA-860E-4E73-AA22-BB4F4E34EE7E}.Release|x64.Build.0 = Release|x64
		{68C297CA-860E-4E73-AA22-BB4F4E34EE7E}.Release|x86.ActiveCfg = Release|Win32
		{68C297CA-860E-4E73-AA22-BB4F4E34EE7E}.Release|x86.Build.0 = Release|Win32
		{4E55DC8F-7261-416D-93CE-937EC6253DD9}.Debug|x64.ActiveCfg = Debug|x64
		{4E55DC8F-7261-416D-93CE-937EC6253DD9}.Debug|x64.Build.0 = Debug|x64
		{4E55DC8F-7261-416D-93CE-937EC6253DD9}.Debug|x86.ActiveCfg = Debug|Win32
		{4E55DC8F-7261-416D-93CE-937EC6253DD9}.Debug|x86.Build.0 = Debug|Win32
		{4E55DC8F-7261-416D-93CE-937EC6253DD9}.Release|x64.ActiveCfg = Release|x64
		{4E55DC8F-7261-416D-93CE-937EC6253DD9}.Release|x64.Build.0 = Release|x64
		{4E55DC8F-7261-416D-93CE-937EC6253DD9}.Release|x86.ActiveCfg = Release|Win32
		{4E55DC8F-7261-416D-93CE-937EC6253DD9}.Release|x86.Build.0 = Release|Win32
		{E0483459-27CF-4AC8-82E9-E250E6301CC1}.Debug|x64.ActiveCfg = Debug|x64
		{E0483459-27CF-4AC8-82E9-E250E6301CC1}.Debug|x64.Build.0 = Debug|x64
		{E0483459-27CF-4AC8-82E9-E250E6301CC1}.Debug|x86.ActiveCfg = Debug|Win32
		{E0483459-27CF-4AC8-82E9-E250E6301CC1}.Debug|x86.Build.0 = Debug|Win32
		{E0483459-27CF-4AC8-82E9-E250E6301CC1}.Release|x64.ActiveCfg = Release|x64
		{E0483459-27CF-4AC8-82E9-E250E6301CC1}.Release|x64.Build.0 = Release|x64
		{E0483459-27CF-4AC8-82E9-E250E6301CC1}.Release|x86.ActiveCfg = Release|Win32
		{E0483459-27CF-4AC8-82E9-E250E6301CC1}.Release|x86.Build.0 = Release|Win32
		{546FC135-4860-4000-A679-1936303827AB}.Debug|x64.ActiveCfg = Debug|x64
		{546FC135-4860-4000-A679-1936303827AB}.Debug|x64.Build.0 = Debug|x64
		{546FC135-4860-4000-A679-1936303827AB}.Debug|x86.ActiveCfg = Debug|Win32
		{546FC135-4860-4000-A679-1936303827AB}.Debug|x86.Build.0 = Debug|Win32
		{546FC135-4860-4000-A679-1936303827AB}.Release|x64.ActiveCfg = Release|x64
		{546FC135-4860-4000-A679-1936303827AB}.Release|x64.Build.0 = Release|x64
		{546FC135-4860-4000-A679-1936303827AB}.Release|x86.ActiveCfg = Release|Win32
		{546FC135-4860-4000-A679-1936303827AB}.Release|x86.Build.0 = Release|Win32
		{97FCBF87-758C-4D3B-AE01-9A1A96399D37}.Debug|x64.ActiveCfg = Debug|x64
		{97FCBF87-758C-4D3B-AE01-9A1A96399D37}.Debug|x64.Build.0 = Debug|x64
		{97FCBF87-758C-4D3B-AE01-9A1A96399D37}.Debug|x86.ActiveCfg = Debug|Win32
		{97FCBF87-758C-4D3B-AE01-9A1A96399D37}.Debug|x86.Build.0 = Debug|Win32
		{97FCBF87-758C-4D3B-AE01-9A1A96399D37}.Release|x64.ActiveCfg = Release|x64
		{97FCBF87-758C-4D3B-AE01-9A1A96399D37}.Release|x64.Build.0 = Release|x64
		{97FCBF87-758C-4D3B-AE01-9A1A96399D37}.Release|x86.ActiveCfg = Release|Win32
		{97FCBF87-758C-4D3B-AE01-9A1A96399D37}.Release|x86.Build.0 = Release|Win32
		{84F01E2D-072C-4A50-94CB-5CCF6ECA7034}.Debug|x64.ActiveCfg = Debug|x64
		{84F01E2D-072C-4A50-94CB-5CCF6ECA7034}.Debug|x64.Build.0 = Debug|x64
		{84F01E2D-072C-4A50-94CB-5CCF6ECA7034}.Debug|x86.ActiveCfg = Debug|Win32
		{84F01E2D-072C-4A50-94CB-5CCF6ECA7034}.Debug|x86.Build.0 = Debug|Win32
		{84F01E2D-072C-4A50-94CB-5CCF6ECA7034}.Release|x64.ActiveCfg = Release|x64
		{84F01E2D-072C-4A50-94CB-5CCF6ECA7034}.Release|x64.Build.0 = Release|x64
		{84F01E2D-072C-4A50-94CB-5CCF6ECA7034}.Release|x86.ActiveCfg = Release|Win32
		{84F01E2D-072C-4A50-94CB-5CCF6ECA7034}.Release|x86.Build.0 = Release|Win32
		{099D2A91-957B-457C-AC7B-B8D9E4A043B0}.Debug|x64.ActiveCfg = Debug|x64
		{099D2A91-957B-457C-AC7B-B8D9E4A043B0}.Debug|x64.Build.0 = Debug|x64
		{099D2A91-957B-457C-AC7B-B8D9E4A043B0}.Debug|x86.ActiveCfg = Debug|Win32
		{099D2A91-957B-457C-AC7B-B8D9E4A043B0}.Debug|x86.Build.0 = Debug|Win32
		{099D2A91-957B-457C-AC7B-B8D9E4A043B0}.Release|x64.ActiveCfg = Release|x64
		{099D2A91-957B-457C-AC7B-B8D9E4A043B0}.Release|x64.Build.0 = Release|x64
		{099D2A91-957B-457C-AC7B-B8D9E4A043B0}.Release|x86.ActiveCfg = Release|Win32
		{099D2A91-957B-457C-AC7B-B8D9E4A043B0}.Release|x86.Build.0 = Release|Win32
		{75EF18EC-AD8F-4F70-9B9D-CA6584DE438E}.Debug|x64.ActiveCfg = Debug|x64
		{75EF18EC-AD8F-4F70-9B9D-CA6584DE438E}.Debug|x64.Build.0 = Debug|x64
		{75EF18EC-AD8F-4F70-9B9D-CA6584DE438E}.Debug|x86.ActiveCfg = Debug|Win32
		{75EF18EC-AD8F-4F70-9B9D-CA6584DE438E}.Debug|x86.Build.0 = Debug|Win32
		{75EF18EC-AD8F-4F70-9B9D-CA6584DE438E}.Release|x64.ActiveCfg = Release|x64
		{75EF18EC-AD8F-4F70-9B9D-CA6584DE438E}.Release|x64.Build.0 = Release|x64
		{75EF18EC-AD8F-4F70-9B9D-CA6584DE438E}.Release|x86.ActiveCfg = Release|Win32
		{75EF18EC-AD8F-4F70-9B9D-CA6584DE438E}.Release|x86.Build.0 = Release|Win32
		{922B1A12-5791-4A74-B827-810DCFDD33FF}.Debug|x64.ActiveCfg = Debug|x64
		{922B1A12-5791-4A74-B827-810DCFDD33FF}.Debug|x64.Build.0 = Debug|x64
		{922B1A12-5791-4A74-B827-810DCFDD33FF}.Debug|x86.ActiveCfg = Debug|Win32
		{922B1A12-5791-4A74-B827-810DCFDD33FF}.Debug|x86.Build.0 = Debug|Win32
		{922B1A12-5791-4A74-B827-810DCFDD33FF}.Release|x64.ActiveCfg = Release|x64
		{922B1A12-5791-4A74-B827-810DCFDD33FF}.Release|x64.Build.0 = Release|x64
		{922B1A12-5791-4A74-B827-810DCFDD33FF}.Release|x86.ActiveCfg = Release|Win32
		{922B1A12-5791-4A74-B827-810DCFDD33FF}.Release|x86.Build.0 = Release|Win32
		{BD4C6694-A3D1-412A-B185-30D6F61F4F4D}.Debug|x64.ActiveCfg = Debug|x64
		{BD4C6694-A3D1-412A-B185-30D6F61F4F4D}.Debug|x64.Build.0 = Debug|x64
		{BD4C6694-A3D1-412A-B185-30D6F61F4F4D}.Debug|x86.ActiveCfg = Debug|Win32
		{BD4C6694-A3D1-412A-B185-30D6F61F4F4D}.Debug|x86.Build.0 = Debug|Win32
		{BD4C6694-A3D1-412A-B185-30D6F61F4F4D}.Release|x64.ActiveCfg = Release|x64
		{BD4C6694-A3D1-412A-B185-30D6F61F4F4D}.Release|x64.Build.0 = Release|x64
		{BD4C6694-A3D1-412A-B185-30D6F61F4F4D}.Release|x86.ActiveCfg = Release|Win32
		{BD4C6694-A3D1-412A-B185-30D6F61F4F4D}.Release|x86.Build.0 = Release|Win32
	EndGlobalSection
	GlobalSection(SolutionProperties) = preSolution
		HideSolutionNode = FALSE
	EndGlobalSection
EndGlobal
