
Microsoft Visual Studio Solution File, Format Version 12.00
# Visual Studio 2013
VisualStudioVersion = 12.0.31101.0
MinimumVisualStudioVersion = 10.0.40219.1
Project("{8BC9CEB8-8B4A-11D0-8D11-00A0C91BC942}") = "TestCases", "TestCases\TestCases.vcxproj", "{B277113F-7161-4FC8-BA78-CE9B1E416A41}"
EndProject
Global
	GlobalSection(SolutionConfigurationPlatforms) = preSolution
		Debug|Any CPU = Debug|Any CPU
		Debug|Mixed Platforms = Debug|Mixed Platforms
		Debug|Win32 = Debug|Win32
		MinSizeRel|Any CPU = MinSizeRel|Any CPU
		MinSizeRel|Mixed Platforms = MinSizeRel|Mixed Platforms
		MinSizeRel|Win32 = MinSizeRel|Win32
		Release|Any CPU = Release|Any CPU
		Release|Mixed Platforms = Release|Mixed Platforms
		Release|Win32 = Release|Win32
		RelWithDebInfo|Any CPU = RelWithDebInfo|Any CPU
		RelWithDebInfo|Mixed Platforms = RelWithDebInfo|Mixed Platforms
		RelWithDebInfo|Win32 = RelWithDebInfo|Win32
	EndGlobalSection
	GlobalSection(ProjectConfigurationPlatforms) = postSolution
		{B277113F-7161-4FC8-BA78-CE9B1E416A41}.Debug|Any CPU.ActiveCfg = Debug|Win32
		{B277113F-7161-4FC8-BA78-CE9B1E416A41}.Debug|Mixed Platforms.ActiveCfg = Debug|Win32
		{B277113F-7161-4FC8-BA78-CE9B1E416A41}.Debug|Mixed Platforms.Build.0 = Debug|Win32
		{B277113F-7161-4FC8-BA78-CE9B1E416A41}.Debug|Win32.ActiveCfg = Debug|Win32
		{B277113F-7161-4FC8-BA78-CE9B1E416A41}.Debug|Win32.Build.0 = Debug|Win32
		{B277113F-7161-4FC8-BA78-CE9B1E416A41}.MinSizeRel|Any CPU.ActiveCfg = Release|Win32
		{B277113F-7161-4FC8-BA78-CE9B1E416A41}.MinSizeRel|Mixed Platforms.ActiveCfg = Release|Win32
		{B277113F-7161-4FC8-BA78-CE9B1E416A41}.MinSizeRel|Mixed Platforms.Build.0 = Release|Win32
		{B277113F-7161-4FC8-BA78-CE9B1E416A41}.MinSizeRel|Win32.ActiveCfg = Release|Win32
		{B277113F-7161-4FC8-BA78-CE9B1E416A41}.MinSizeRel|Win32.Build.0 = Release|Win32
		{B277113F-7161-4FC8-BA78-CE9B1E416A41}.Release|Any CPU.ActiveCfg = Release|Win32
		{B277113F-7161-4FC8-BA78-CE9B1E416A41}.Release|Mixed Platforms.ActiveCfg = Release|Win32
		{B277113F-7161-4FC8-BA78-CE9B1E416A41}.Release|Mixed Platforms.Build.0 = Release|Win32
		{B277113F-7161-4FC8-BA78-CE9B1E416A41}.Release|Win32.ActiveCfg = Release|Win32
		{B277113F-7161-4FC8-BA78-CE9B1E416A41}.Release|Win32.Build.0 = Release|Win32
		{B277113F-7161-4FC8-BA78-CE9B1E416A41}.RelWithDebInfo|Any CPU.ActiveCfg = Release|Win32
		{B277113F-7161-4FC8-BA78-CE9B1E416A41}.RelWithDebInfo|Mixed Platforms.ActiveCfg = Release|Win32
		{B277113F-7161-4FC8-BA78-CE9B1E416A41}.RelWithDebInfo|Mixed Platforms.Build.0 = Release|Win32
		{B277113F-7161-4FC8-BA78-CE9B1E416A41}.RelWithDebInfo|Win32.ActiveCfg = Release|Win32
		{B277113F-7161-4FC8-BA78-CE9B1E416A41}.RelWithDebInfo|Win32.Build.0 = Release|Win32
	EndGlobalSection
	GlobalSection(SolutionProperties) = preSolution
		HideSolutionNode = FALSE
	EndGlobalSection
EndGlobal
